// !$*UTF8*$!
{
	archiveVersion = 1;
	classes = {
	};
	objectVersion = 50;
	objects = {

/* Begin PBXBuildFile section */
		04075BEB34989890D039A91AE6FAD8F4 /* SettingsView.swift in Sources */ = {isa = PBXBuildFile; fileRef = 596F4EA2C6BE5FD4EA172A95CC63F757 /* SettingsView.swift */; };
		09719401BB4D349D78767BC115850A2D /* LessonViewModel.swift in Sources */ = {isa = PBXBuildFile; fileRef = 408733709E6C871E3630E1F65B9A52C6 /* LessonViewModel.swift */; };
		192CADF0C62A922BB6C1A32D619B6914 /* WeakPointsByGradeView.swift in Sources */ = {isa = PBXBuildFile; fileRef = 942CC11CFF990D2A25CEE2E927B4BCE9 /* WeakPointsByGradeView.swift */; };
		2B0BD0C725CBDCB0C824F2DAEC78C0B8 /* ShareSheet.swift in Sources */ = {isa = PBXBuildFile; fileRef = A1D46F6144C5F3A6FC86CDEC1349E318 /* ShareSheet.swift */; };
		2D464CFAA403BE4D435833518243E7A3 /* StudentDetailView.swift in Sources */ = {isa = PBXBuildFile; fileRef = EAAE7A3563CB023500D13AC309A6FF51 /* StudentDetailView.swift */; };
		2FEB401D32BA778B79925D0A23E3A48E /* SyncService.swift in Sources */ = {isa = PBXBuildFile; fileRef = 235FD2219EB01BD26880903E5D645AE9 /* SyncService.swift */; };
		3859330736BFA3CB1AB3AAF07D476E72 /* LessonDetailView.swift in Sources */ = {isa = PBXBuildFile; fileRef = A98DBB6751BA4CED9F99AD58F85E5A46 /* LessonDetailView.swift */; };
		3D1F36928445F83317AD8F543D3CAB9B /* ContentView.swift in Sources */ = {isa = PBXBuildFile; fileRef = 29923D0C0E329FCF564BB0BEB040CFA1 /* ContentView.swift */; };
		474BDCE111C707B77E9AA6EF80B2F799 /* CalendarView.swift in Sources */ = {isa = PBXBuildFile; fileRef = 802B1366C6D9EC18A7F0BC6E3D71AE90 /* CalendarView.swift */; };
		4A9BA1A17338BD026230124890450950 /* Student.swift in Sources */ = {isa = PBXBuildFile; fileRef = 07652BF7FA3AEAA74A76EC0A2EEFDD43 /* Student.swift */; };
		4BF17F8180932A729A0B020633BDEE58 /* CommonViews.swift in Sources */ = {isa = PBXBuildFile; fileRef = 6582653B58384F4FA0A04493C83F8E55 /* CommonViews.swift */; };
		5E94BF5379902940D9547BB7540F7C05 /* StudentCourseManagerApp.swift in Sources */ = {isa = PBXBuildFile; fileRef = 63B6189F4DE1E4E4DEE1A1231C13A49A /* StudentCourseManagerApp.swift */; };
		64F56654F7AC7794588E8BC4DFF4D921 /* LessonFormView.swift in Sources */ = {isa = PBXBuildFile; fileRef = 3547B343BB167CF70347BD1967AE326C /* LessonFormView.swift */; };
		68254012DFC51490236166DE4C040DB8 /* Lesson.swift in Sources */ = {isa = PBXBuildFile; fileRef = D6465C7E2DB930F206064D1BB07EF1B0 /* Lesson.swift */; };
		880BB88E6EF14F34B09D7A78082CB15E /* ProgressFormView.swift in Sources */ = {isa = PBXBuildFile; fileRef = 740C0ACB3FDEC6BE8249895030337ECF /* ProgressFormView.swift */; };
		88D84B2C0D69C243FC6C777F10E27719 /* DatabaseService.swift in Sources */ = {isa = PBXBuildFile; fileRef = 2AD4F0037A9E307AC6B58266C97477CC /* DatabaseService.swift */; };
		8C83DDDB2A044B1E61280E4F0849365E /* ProgressListView.swift in Sources */ = {isa = PBXBuildFile; fileRef = 153C874F590D20CD26E07C3298CC461D /* ProgressListView.swift */; };
		90547ECDA3CAFCE7729E5EE77B614D49 /* MainTabView.swift in Sources */ = {isa = PBXBuildFile; fileRef = 0573C03085B45E1B74E893E54F36431C /* MainTabView.swift */; };
		936814474FD91DF1B2BF29998F47B28A /* DashboardViewModel.swift in Sources */ = {isa = PBXBuildFile; fileRef = 6B1C6405FAC2D8715AF1B145D6F822DF /* DashboardViewModel.swift */; };
		985AC24A5F6C6539B75B8A07553C99BD /* StatisticsView.swift in Sources */ = {isa = PBXBuildFile; fileRef = A13A7DB00921B8EF601835FE6FE85019 /* StatisticsView.swift */; };
		AE25A9E97F17DD0E593E331C495EF2D4 /* ProgressRecord.swift in Sources */ = {isa = PBXBuildFile; fileRef = 4D34C3E946FAE4EC23824F89FB14F1BE /* ProgressRecord.swift */; };
		B6F979A69FA699B5A0377B734470A281 /* DashboardView.swift in Sources */ = {isa = PBXBuildFile; fileRef = 51707B5D1603BC20F8A14B1C7AFD1BE1 /* DashboardView.swift */; };
		BAE0A9EE3CB30206A5CBB963AC26436B /* StudentViewModel.swift in Sources */ = {isa = PBXBuildFile; fileRef = A80B0173F6AF8BB70DCD4DEB473DC5A8 /* StudentViewModel.swift */; };
		BD71FEC287B119CB51CE8C18C8CD6DA0 /* ProgressViewModel.swift in Sources */ = {isa = PBXBuildFile; fileRef = C7AD02D9DC340F87AE6E6A130FDBA350 /* ProgressViewModel.swift */; };
		BF0AE07389131DCEC8109F67F91C4940 /* KnowledgePointViewModel.swift in Sources */ = {isa = PBXBuildFile; fileRef = 7D2C5F1A893F68339991C9BC2E862A9C /* KnowledgePointViewModel.swift */; };
		C4BD4BE00BBA63CACBF8920A599F0205 /* KnowledgePoint.swift in Sources */ = {isa = PBXBuildFile; fileRef = 4A44A8C6F7FCD32F48DD32D48D7C82D0 /* KnowledgePoint.swift */; };
		CD159CC34336C6C955966DEDC39F114D /* Assets.xcassets in Resources */ = {isa = PBXBuildFile; fileRef = 1E542B09F4A95732EF1F0ABF29678EAD /* Assets.xcassets */; };
		CEC842D0EFD6956D6A558AEC279BB70E /* StudentFormView.swift in Sources */ = {isa = PBXBuildFile; fileRef = 8AB3D75B4E7D47C47BA83BC0DBCDE843 /* StudentFormView.swift */; };
		DC87EB8857465C88B9B163AF7D9BEF2D /* LessonListView.swift in Sources */ = {isa = PBXBuildFile; fileRef = F7FD1AE19D235E15C093BCCB2A819E99 /* LessonListView.swift */; };
		E14497901E1D644AE2EDC3EC9E818B6A /* KnowledgePointService.swift in Sources */ = {isa = PBXBuildFile; fileRef = F1A08BC2DD28ABC99D060C532F834E36 /* KnowledgePointService.swift */; };
		E1F54A29F26E6D075D0175E3B9DB653C /* APIService.swift in Sources */ = {isa = PBXBuildFile; fileRef = 98BE125E18630424B36F53B8E7F4A338 /* APIService.swift */; };
		E8D7B02279AC533559939039A64EF8A8 /* CalendarDayView.swift in Sources */ = {isa = PBXBuildFile; fileRef = 81B8F884EA9544F8D5C43519E12EB1CB /* CalendarDayView.swift */; };
		EDFD61F5DEAD549517E8AE54F5801E85 /* StudentListView.swift in Sources */ = {isa = PBXBuildFile; fileRef = 4D21AF6DCB797D7FC9B05B887F36240C /* StudentListView.swift */; };
		F88C42540BBC999D42FE5672956A5067 /* ExportService.swift in Sources */ = {isa = PBXBuildFile; fileRef = 3B59728BDF8898D762B6BBE8E8152541 /* ExportService.swift */; };
/* End PBXBuildFile section */

/* Begin PBXFileReference section */
		0573C03085B45E1B74E893E54F36431C /* MainTabView.swift */ = {isa = PBXFileReference; lastKnownFileType = sourcecode.swift; path = MainTabView.swift; sourceTree = "<group>"; };
		07652BF7FA3AEAA74A76EC0A2EEFDD43 /* Student.swift */ = {isa = PBXFileReference; lastKnownFileType = sourcecode.swift; path = Student.swift; sourceTree = "<group>"; };
		153C874F590D20CD26E07C3298CC461D /* ProgressListView.swift */ = {isa = PBXFileReference; lastKnownFileType = sourcecode.swift; path = ProgressListView.swift; sourceTree = "<group>"; };
		1E542B09F4A95732EF1F0ABF29678EAD /* Assets.xcassets */ = {isa = PBXFileReference; lastKnownFileType = folder.assetcatalog; path = Assets.xcassets; sourceTree = "<group>"; };
		235FD2219EB01BD26880903E5D645AE9 /* SyncService.swift */ = {isa = PBXFileReference; lastKnownFileType = sourcecode.swift; path = SyncService.swift; sourceTree = "<group>"; };
		2511744B2A18E8D39CE288DA5133A5BC /* StudentCourseManager.app */ = {isa = PBXFileReference; includeInIndex = 0; lastKnownFileType = wrapper.application; path = StudentCourseManager.app; sourceTree = BUILT_PRODUCTS_DIR; };
		29923D0C0E329FCF564BB0BEB040CFA1 /* ContentView.swift */ = {isa = PBXFileReference; lastKnownFileType = sourcecode.swift; path = ContentView.swift; sourceTree = "<group>"; };
		2AD4F0037A9E307AC6B58266C97477CC /* DatabaseService.swift */ = {isa = PBXFileReference; lastKnownFileType = sourcecode.swift; path = DatabaseService.swift; sourceTree = "<group>"; };
		3547B343BB167CF70347BD1967AE326C /* LessonFormView.swift */ = {isa = PBXFileReference; lastKnownFileType = sourcecode.swift; path = LessonFormView.swift; sourceTree = "<group>"; };
		3B59728BDF8898D762B6BBE8E8152541 /* ExportService.swift */ = {isa = PBXFileReference; lastKnownFileType = sourcecode.swift; path = ExportService.swift; sourceTree = "<group>"; };
		408733709E6C871E3630E1F65B9A52C6 /* LessonViewModel.swift */ = {isa = PBXFileReference; lastKnownFileType = sourcecode.swift; path = LessonViewModel.swift; sourceTree = "<group>"; };
		4A44A8C6F7FCD32F48DD32D48D7C82D0 /* KnowledgePoint.swift */ = {isa = PBXFileReference; lastKnownFileType = sourcecode.swift; path = KnowledgePoint.swift; sourceTree = "<group>"; };
		4D21AF6DCB797D7FC9B05B887F36240C /* StudentListView.swift */ = {isa = PBXFileReference; lastKnownFileType = sourcecode.swift; path = StudentListView.swift; sourceTree = "<group>"; };
		4D34C3E946FAE4EC23824F89FB14F1BE /* ProgressRecord.swift */ = {isa = PBXFileReference; lastKnownFileType = sourcecode.swift; path = ProgressRecord.swift; sourceTree = "<group>"; };
		51707B5D1603BC20F8A14B1C7AFD1BE1 /* DashboardView.swift */ = {isa = PBXFileReference; lastKnownFileType = sourcecode.swift; path = DashboardView.swift; sourceTree = "<group>"; };
		596F4EA2C6BE5FD4EA172A95CC63F757 /* SettingsView.swift */ = {isa = PBXFileReference; lastKnownFileType = sourcecode.swift; path = SettingsView.swift; sourceTree = "<group>"; };
		63B6189F4DE1E4E4DEE1A1231C13A49A /* StudentCourseManagerApp.swift */ = {isa = PBXFileReference; lastKnownFileType = sourcecode.swift; path = StudentCourseManagerApp.swift; sourceTree = "<group>"; };
		6582653B58384F4FA0A04493C83F8E55 /* CommonViews.swift */ = {isa = PBXFileReference; lastKnownFileType = sourcecode.swift; path = CommonViews.swift; sourceTree = "<group>"; };
		6B1C6405FAC2D8715AF1B145D6F822DF /* DashboardViewModel.swift */ = {isa = PBXFileReference; lastKnownFileType = sourcecode.swift; path = DashboardViewModel.swift; sourceTree = "<group>"; };
		740C0ACB3FDEC6BE8249895030337ECF /* ProgressFormView.swift */ = {isa = PBXFileReference; lastKnownFileType = sourcecode.swift; path = ProgressFormView.swift; sourceTree = "<group>"; };
		7D2C5F1A893F68339991C9BC2E862A9C /* KnowledgePointViewModel.swift */ = {isa = PBXFileReference; lastKnownFileType = sourcecode.swift; path = KnowledgePointViewModel.swift; sourceTree = "<group>"; };
		802B1366C6D9EC18A7F0BC6E3D71AE90 /* CalendarView.swift */ = {isa = PBXFileReference; lastKnownFileType = sourcecode.swift; path = CalendarView.swift; sourceTree = "<group>"; };
		81B8F884EA9544F8D5C43519E12EB1CB /* CalendarDayView.swift */ = {isa = PBXFileReference; lastKnownFileType = sourcecode.swift; path = CalendarDayView.swift; sourceTree = "<group>"; };
		8AB3D75B4E7D47C47BA83BC0DBCDE843 /* StudentFormView.swift */ = {isa = PBXFileReference; lastKnownFileType = sourcecode.swift; path = StudentFormView.swift; sourceTree = "<group>"; };
		942CC11CFF990D2A25CEE2E927B4BCE9 /* WeakPointsByGradeView.swift */ = {isa = PBXFileReference; lastKnownFileType = sourcecode.swift; path = WeakPointsByGradeView.swift; sourceTree = "<group>"; };
		98BE125E18630424B36F53B8E7F4A338 /* APIService.swift */ = {isa = PBXFileReference; lastKnownFileType = sourcecode.swift; path = APIService.swift; sourceTree = "<group>"; };
		A13A7DB00921B8EF601835FE6FE85019 /* StatisticsView.swift */ = {isa = PBXFileReference; lastKnownFileType = sourcecode.swift; path = StatisticsView.swift; sourceTree = "<group>"; };
		A1D46F6144C5F3A6FC86CDEC1349E318 /* ShareSheet.swift */ = {isa = PBXFileReference; lastKnownFileType = sourcecode.swift; path = ShareSheet.swift; sourceTree = "<group>"; };
		A80B0173F6AF8BB70DCD4DEB473DC5A8 /* StudentViewModel.swift */ = {isa = PBXFileReference; lastKnownFileType = sourcecode.swift; path = StudentViewModel.swift; sourceTree = "<group>"; };
		A98DBB6751BA4CED9F99AD58F85E5A46 /* LessonDetailView.swift */ = {isa = PBXFileReference; lastKnownFileType = sourcecode.swift; path = LessonDetailView.swift; sourceTree = "<group>"; };
		C7AD02D9DC340F87AE6E6A130FDBA350 /* ProgressViewModel.swift */ = {isa = PBXFileReference; lastKnownFileType = sourcecode.swift; path = ProgressViewModel.swift; sourceTree = "<group>"; };
		D6465C7E2DB930F206064D1BB07EF1B0 /* Lesson.swift */ = {isa = PBXFileReference; lastKnownFileType = sourcecode.swift; path = Lesson.swift; sourceTree = "<group>"; };
		EAAE7A3563CB023500D13AC309A6FF51 /* StudentDetailView.swift */ = {isa = PBXFileReference; lastKnownFileType = sourcecode.swift; path = StudentDetailView.swift; sourceTree = "<group>"; };
		F1A08BC2DD28ABC99D060C532F834E36 /* KnowledgePointService.swift */ = {isa = PBXFileReference; lastKnownFileType = sourcecode.swift; path = KnowledgePointService.swift; sourceTree = "<group>"; };
		F7FD1AE19D235E15C093BCCB2A819E99 /* LessonListView.swift */ = {isa = PBXFileReference; lastKnownFileType = sourcecode.swift; path = LessonListView.swift; sourceTree = "<group>"; };
/* End PBXFileReference section */

/* Begin PBXGroup section */
		1CC56C4D08E54780DC2348C6020D1054 /* Resources */ = {
			isa = PBXGroup;
			children = (
				1E542B09F4A95732EF1F0ABF29678EAD /* Assets.xcassets */,
			);
			path = Resources;
			sourceTree = "<group>";
		};
		1DD9173B934F89F109D98539A0D9AF33 = {
			isa = PBXGroup;
			children = (
				279AF41712331B32613684B4956B3EF0 /* App */,
				CE97EEE5A56E4195E826F70CE30BA4E3 /* Models */,
				1CC56C4D08E54780DC2348C6020D1054 /* Resources */,
				1F97A1C55BD2E9B309F8503EAB0255D3 /* Services */,
				8EF67CC665A7827227FB1B376F296568 /* ViewModels */,
				7A66218521933A00DF25600585120DD3 /* Views */,
				9DB5A1D12C7B882F4EA81EEEE99E9152 /* Products */,
			);
			sourceTree = "<group>";
		};
		1F97A1C55BD2E9B309F8503EAB0255D3 /* Services */ = {
			isa = PBXGroup;
			children = (
				98BE125E18630424B36F53B8E7F4A338 /* APIService.swift */,
				2AD4F0037A9E307AC6B58266C97477CC /* DatabaseService.swift */,
				3B59728BDF8898D762B6BBE8E8152541 /* ExportService.swift */,
				F1A08BC2DD28ABC99D060C532F834E36 /* KnowledgePointService.swift */,
				235FD2219EB01BD26880903E5D645AE9 /* SyncService.swift */,
			);
			path = Services;
			sourceTree = "<group>";
		};
		279AF41712331B32613684B4956B3EF0 /* App */ = {
			isa = PBXGroup;
			children = (
				29923D0C0E329FCF564BB0BEB040CFA1 /* ContentView.swift */,
				63B6189F4DE1E4E4DEE1A1231C13A49A /* StudentCourseManagerApp.swift */,
			);
			path = App;
			sourceTree = "<group>";
		};
		294FDD2128E6737567705054959B6E58 /* Settings */ = {
			isa = PBXGroup;
			children = (
				596F4EA2C6BE5FD4EA172A95CC63F757 /* SettingsView.swift */,
			);
			path = Settings;
			sourceTree = "<group>";
		};
		29B006C3FEA86F1C399CC42CEBB4EEB2 /* Calendar */ = {
			isa = PBXGroup;
			children = (
				81B8F884EA9544F8D5C43519E12EB1CB /* CalendarDayView.swift */,
				802B1366C6D9EC18A7F0BC6E3D71AE90 /* CalendarView.swift */,
			);
			path = Calendar;
			sourceTree = "<group>";
		};
		3E62B53D0DAA9A9993B449BC9341F142 /* Dashboard */ = {
			isa = PBXGroup;
			children = (
				51707B5D1603BC20F8A14B1C7AFD1BE1 /* DashboardView.swift */,
			);
			path = Dashboard;
			sourceTree = "<group>";
		};
		7A66218521933A00DF25600585120DD3 /* Views */ = {
			isa = PBXGroup;
			children = (
				0573C03085B45E1B74E893E54F36431C /* MainTabView.swift */,
				29B006C3FEA86F1C399CC42CEBB4EEB2 /* Calendar */,
				BD0E05C55736B85AFD1EEAF17C90F59C /* Components */,
				3E62B53D0DAA9A9993B449BC9341F142 /* Dashboard */,
				E67DC9991F13DB20339FDBF60627F646 /* Lessons */,
				EC77867AED67F92DE1A2AD45677327F8 /* Progress */,
				294FDD2128E6737567705054959B6E58 /* Settings */,
				CE76EC8A114BD45CFC12178B9D157A41 /* Statistics */,
				8CB11F7B619B32202F3763F54803E18E /* Students */,
			);
			path = Views;
			sourceTree = "<group>";
		};
		8CB11F7B619B32202F3763F54803E18E /* Students */ = {
			isa = PBXGroup;
			children = (
				EAAE7A3563CB023500D13AC309A6FF51 /* StudentDetailView.swift */,
				8AB3D75B4E7D47C47BA83BC0DBCDE843 /* StudentFormView.swift */,
				4D21AF6DCB797D7FC9B05B887F36240C /* StudentListView.swift */,
				942CC11CFF990D2A25CEE2E927B4BCE9 /* WeakPointsByGradeView.swift */,
			);
			path = Students;
			sourceTree = "<group>";
		};
		8EF67CC665A7827227FB1B376F296568 /* ViewModels */ = {
			isa = PBXGroup;
			children = (
				6B1C6405FAC2D8715AF1B145D6F822DF /* DashboardViewModel.swift */,
				7D2C5F1A893F68339991C9BC2E862A9C /* KnowledgePointViewModel.swift */,
				408733709E6C871E3630E1F65B9A52C6 /* LessonViewModel.swift */,
				C7AD02D9DC340F87AE6E6A130FDBA350 /* ProgressViewModel.swift */,
				A80B0173F6AF8BB70DCD4DEB473DC5A8 /* StudentViewModel.swift */,
			);
			path = ViewModels;
			sourceTree = "<group>";
		};
		9DB5A1D12C7B882F4EA81EEEE99E9152 /* Products */ = {
			isa = PBXGroup;
			children = (
				2511744B2A18E8D39CE288DA5133A5BC /* StudentCourseManager.app */,
			);
			name = Products;
			sourceTree = "<group>";
		};
		BD0E05C55736B85AFD1EEAF17C90F59C /* Components */ = {
			isa = PBXGroup;
			children = (
				6582653B58384F4FA0A04493C83F8E55 /* CommonViews.swift */,
				A1D46F6144C5F3A6FC86CDEC1349E318 /* ShareSheet.swift */,
			);
			path = Components;
			sourceTree = "<group>";
		};
		CE76EC8A114BD45CFC12178B9D157A41 /* Statistics */ = {
			isa = PBXGroup;
			children = (
				A13A7DB00921B8EF601835FE6FE85019 /* StatisticsView.swift */,
			);
			path = Statistics;
			sourceTree = "<group>";
		};
		CE97EEE5A56E4195E826F70CE30BA4E3 /* Models */ = {
			isa = PBXGroup;
			children = (
				4A44A8C6F7FCD32F48DD32D48D7C82D0 /* KnowledgePoint.swift */,
				D6465C7E2DB930F206064D1BB07EF1B0 /* Lesson.swift */,
				4D34C3E946FAE4EC23824F89FB14F1BE /* ProgressRecord.swift */,
				07652BF7FA3AEAA74A76EC0A2EEFDD43 /* Student.swift */,
			);
			path = Models;
			sourceTree = "<group>";
		};
		E67DC9991F13DB20339FDBF60627F646 /* Lessons */ = {
			isa = PBXGroup;
			children = (
				A98DBB6751BA4CED9F99AD58F85E5A46 /* LessonDetailView.swift */,
				3547B343BB167CF70347BD1967AE326C /* LessonFormView.swift */,
				F7FD1AE19D235E15C093BCCB2A819E99 /* LessonListView.swift */,
			);
			path = Lessons;
			sourceTree = "<group>";
		};
		EC77867AED67F92DE1A2AD45677327F8 /* Progress */ = {
			isa = PBXGroup;
			children = (
				740C0ACB3FDEC6BE8249895030337ECF /* ProgressFormView.swift */,
				153C874F590D20CD26E07C3298CC461D /* ProgressListView.swift */,
			);
			path = Progress;
			sourceTree = "<group>";
		};
/* End PBXGroup section */

/* Begin PBXNativeTarget section */
		699CA9262E6437BF5A4300641316125A /* StudentCourseManager */ = {
			isa = PBXNativeTarget;
			buildConfigurationList = 0821C7FB1110C29DF95D765563FEBF3B /* Build configuration list for PBXNativeTarget "StudentCourseManager" */;
			buildPhases = (
				F0EC96F3E403E78CB0151DA168F6FC0B /* Sources */,
				23979017C782E9DD7C3909A85204DAA4 /* Resources */,
			);
			buildRules = (
			);
			dependencies = (
			);
			name = StudentCourseManager;
			productName = StudentCourseManager;
			productReference = 2511744B2A18E8D39CE288DA5133A5BC /* StudentCourseManager.app */;
			productType = "com.apple.product-type.application";
		};
/* End PBXNativeTarget section */

/* Begin PBXProject section */
		170A12FC7C24FE3206FD10406B3D72EB /* Project object */ = {
			isa = PBXProject;
			attributes = {
				LastUpgradeCheck = 1000;
			};
			buildConfigurationList = 6F77AC7DBB3752D266C383452120830E /* Build configuration list for PBXProject "StudentCourseManager" */;
			compatibilityVersion = "Xcode 9.3";
			developmentRegion = en;
			hasScannedForEncodings = 0;
			knownRegions = (
				en,
			);
			mainGroup = 1DD9173B934F89F109D98539A0D9AF33;
			projectDirPath = "";
			projectRoot = "";
			targets = (
				699CA9262E6437BF5A4300641316125A /* StudentCourseManager */,
			);
		};
/* End PBXProject section */

/* Begin PBXResourcesBuildPhase section */
		23979017C782E9DD7C3909A85204DAA4 /* Resources */ = {
			isa = PBXResourcesBuildPhase;
			buildActionMask = 2147483647;
			files = (
				CD159CC34336C6C955966DEDC39F114D /* Assets.xcassets in Resources */,
			);
			runOnlyForDeploymentPostprocessing = 0;
		};
/* End PBXResourcesBuildPhase section */

/* Begin PBXSourcesBuildPhase section */
		F0EC96F3E403E78CB0151DA168F6FC0B /* Sources */ = {
			isa = PBXSourcesBuildPhase;
			buildActionMask = 2147483647;
			files = (
				E1F54A29F26E6D075D0175E3B9DB653C /* APIService.swift in Sources */,
				E8D7B02279AC533559939039A64EF8A8 /* CalendarDayView.swift in Sources */,
				474BDCE111C707B77E9AA6EF80B2F799 /* CalendarView.swift in Sources */,
				4BF17F8180932A729A0B020633BDEE58 /* CommonViews.swift in Sources */,
				3D1F36928445F83317AD8F543D3CAB9B /* ContentView.swift in Sources */,
				B6F979A69FA699B5A0377B734470A281 /* DashboardView.swift in Sources */,
				936814474FD91DF1B2BF29998F47B28A /* DashboardViewModel.swift in Sources */,
				88D84B2C0D69C243FC6C777F10E27719 /* DatabaseService.swift in Sources */,
				F88C42540BBC999D42FE5672956A5067 /* ExportService.swift in Sources */,
				C4BD4BE00BBA63CACBF8920A599F0205 /* KnowledgePoint.swift in Sources */,
				E14497901E1D644AE2EDC3EC9E818B6A /* KnowledgePointService.swift in Sources */,
				BF0AE07389131DCEC8109F67F91C4940 /* KnowledgePointViewModel.swift in Sources */,
				68254012DFC51490236166DE4C040DB8 /* Lesson.swift in Sources */,
				3859330736BFA3CB1AB3AAF07D476E72 /* LessonDetailView.swift in Sources */,
				64F56654F7AC7794588E8BC4DFF4D921 /* LessonFormView.swift in Sources */,
				DC87EB8857465C88B9B163AF7D9BEF2D /* LessonListView.swift in Sources */,
				09719401BB4D349D78767BC115850A2D /* LessonViewModel.swift in Sources */,
				90547ECDA3CAFCE7729E5EE77B614D49 /* MainTabView.swift in Sources */,
				880BB88E6EF14F34B09D7A78082CB15E /* ProgressFormView.swift in Sources */,
				8C83DDDB2A044B1E61280E4F0849365E /* ProgressListView.swift in Sources */,
				AE25A9E97F17DD0E593E331C495EF2D4 /* ProgressRecord.swift in Sources */,
				BD71FEC287B119CB51CE8C18C8CD6DA0 /* ProgressViewModel.swift in Sources */,
				04075BEB34989890D039A91AE6FAD8F4 /* SettingsView.swift in Sources */,
				2B0BD0C725CBDCB0C824F2DAEC78C0B8 /* ShareSheet.swift in Sources */,
				985AC24A5F6C6539B75B8A07553C99BD /* StatisticsView.swift in Sources */,
				4A9BA1A17338BD026230124890450950 /* Student.swift in Sources */,
				5E94BF5379902940D9547BB7540F7C05 /* StudentCourseManagerApp.swift in Sources */,
				2D464CFAA403BE4D435833518243E7A3 /* StudentDetailView.swift in Sources */,
				CEC842D0EFD6956D6A558AEC279BB70E /* StudentFormView.swift in Sources */,
				EDFD61F5DEAD549517E8AE54F5801E85 /* StudentListView.swift in Sources */,
				BAE0A9EE3CB30206A5CBB963AC26436B /* StudentViewModel.swift in Sources */,
				2FEB401D32BA778B79925D0A23E3A48E /* SyncService.swift in Sources */,
				192CADF0C62A922BB6C1A32D619B6914 /* WeakPointsByGradeView.swift in Sources */,
			);
			runOnlyForDeploymentPostprocessing = 0;
		};
/* End PBXSourcesBuildPhase section */

/* Begin XCBuildConfiguration section */
		225935E40660BE9CDA474D640BF0F80F /* Debug */ = {
			isa = XCBuildConfiguration;
			buildSettings = {
				IPHONEOS_DEPLOYMENT_TARGET = 16.0;
				SDKROOT = iphoneos;
				SWIFT_ACTIVE_COMPILATION_CONDITIONS = DEBUG;
				SWIFT_OPTIMIZATION_LEVEL = "-Onone";
			};
			name = Debug;
		};
			60A29BA46FAF894B98DF1739A360EDBB /* Release */ = {
				isa = XCBuildConfiguration;
				buildSettings = {
					CODE_SIGNING_ALLOWED = NO;
						GENERATE_INFOPLIST_FILE = YES;
						IPHONEOS_DEPLOYMENT_TARGET = 16.0;
						INFOPLIST_KEY_UILaunchScreen_Generation = YES;
						INFOPLIST_KEY_UISupportedInterfaceOrientations = "UIInterfaceOrientationPortrait UIInterfaceOrientationLandscapeLeft UIInterfaceOrientationLandscapeRight";
						INFOPLIST_KEY_UISupportedInterfaceOrientations_iPad = "UIInterfaceOrientationPortrait UIInterfaceOrientationPortraitUpsideDown UIInterfaceOrientationLandscapeLeft UIInterfaceOrientationLandscapeRight";
						PRODUCT_BUNDLE_IDENTIFIER = com.studentapp.coursemanager;
						PRODUCT_NAME = "$(TARGET_NAME)";
						SDKROOT = iphoneos;
						SWIFT_OPTIMIZATION_LEVEL = "-O";
						SWIFT_VERSION = 5.9;
						ALWAYS_SEARCH_USER_PATHS = NO;
						TARGETED_DEVICE_FAMILY = "1,2";
					};
				name = Release;
		};
		67BD4B37D754D6B62B6035084ADC0A8E /* Release */ = {
			isa = XCBuildConfiguration;
			buildSettings = {
				IPHONEOS_DEPLOYMENT_TARGET = 16.0;
				SDKROOT = iphoneos;
				SWIFT_OPTIMIZATION_LEVEL = "-O";
			};
			name = Release;
		};
			8552DA9904AEAD8BB1793A8CC722B750 /* Debug */ = {
				isa = XCBuildConfiguration;
				buildSettings = {
					CODE_SIGNING_ALLOWED = NO;
						GENERATE_INFOPLIST_FILE = YES;
						IPHONEOS_DEPLOYMENT_TARGET = 16.0;
						INFOPLIST_KEY_UILaunchScreen_Generation = YES;
						INFOPLIST_KEY_UISupportedInterfaceOrientations = "UIInterfaceOrientationPortrait UIInterfaceOrientationLandscapeLeft UIInterfaceOrientationLandscapeRight";
						INFOPLIST_KEY_UISupportedInterfaceOrientations_iPad = "UIInterfaceOrientationPortrait UIInterfaceOrientationPortraitUpsideDown UIInterfaceOrientationLandscapeLeft UIInterfaceOrientationLandscapeRight";
						PRODUCT_BUNDLE_IDENTIFIER = com.studentapp.coursemanager;
						PRODUCT_NAME = "$(TARGET_NAME)";
						SDKROOT = iphoneos;
						SWIFT_ACTIVE_COMPILATION_CONDITIONS = DEBUG;
						SWIFT_OPTIMIZATION_LEVEL = "-Onone";
						SWIFT_VERSION = 5.9;
						ALWAYS_SEARCH_USER_PATHS = NO;
						TARGETED_DEVICE_FAMILY = "1,2";
					};
				name = Debug;
		};
/* End XCBuildConfiguration section */

/* Begin XCConfigurationList section */
			0821C7FB1110C29DF95D765563FEBF3B /* Build configuration list for PBXNativeTarget "StudentCourseManager" */ = {
				isa = XCConfigurationList;
				buildConfigurations = (
					8552DA9904AEAD8BB1793A8CC722B750 /* Debug */,
					60A29BA46FAF894B98DF1739A360EDBB /* Release */,
				);
				defaultConfigurationIsVisible = 0;
				defaultConfigurationName = Debug;
			};
		6F77AC7DBB3752D266C383452120830E /* Build configuration list for PBXProject "StudentCourseManager" */ = {
			isa = XCConfigurationList;
			buildConfigurations = (
				225935E40660BE9CDA474D640BF0F80F /* Debug */,
				67BD4B37D754D6B62B6035084ADC0A8E /* Release */,
			);
			defaultConfigurationIsVisible = 0;
			defaultConfigurationName = Debug;
		};
/* End XCConfigurationList section */
	};
	rootObject = 170A12FC7C24FE3206FD10406B3D72EB /* Project object */;
}
